
Microsoft Visual Studio Solution File, Format Version 12.00
# Visual Studio Version 16
VisualStudioVersion = 16.0.31605.320
MinimumVisualStudioVersion = 10.0.40219.1
Project("{FAE04EC0-301F-11D3-BF4B-00C04F79EFBC}") = "ServisProgrami.API", "ServisProgramı.API\ServisProgrami.API.csproj", "{259B6672-D1EF-48C9-80B6-39919170DABA}"
EndProject
Project("{FAE04EC0-301F-11D3-BF4B-00C04F79EFBC}") = "ServisProgrami.Core", "ServisProgrami.Core\ServisProgrami.Core.csproj", "{E9D9163B-9281-46C9-BFF7-CCE1BB9B0269}"
EndProject
Project("{FAE04EC0-301F-11D3-BF4B-00C04F79EFBC}") = "ServisProgrami.Data", "ServisProgrami.Data\ServisProgrami.Data.csproj", "{12CDC1BC-2D43-4A1E-ADD9-1E170B12C198}"
EndProject
Project("{FAE04EC0-301F-11D3-BF4B-00C04F79EFBC}") = "ServisProgrami.Service", "ServisProgrami.Service\ServisProgrami.Service.csproj", "{BFE95EA3-B0A1-4FDA-B926-C0BA6CB185F0}"
EndProject
Global
	GlobalSection(SolutionConfigurationPlatforms) = preSolution
		Debug|Any CPU = Debug|Any CPU
		Release|Any CPU = Release|Any CPU
	EndGlobalSection
	GlobalSection(ProjectConfigurationPlatforms) = postSolution
		{259B6672-D1EF-48C9-80B6-39919170DABA}.Debug|Any CPU.ActiveCfg = Debug|Any CPU
		{259B6672-D1EF-48C9-80B6-39919170DABA}.Debug|Any CPU.Build.0 = Debug|Any CPU
		{259B6672-D1EF-48C9-80B6-39919170DABA}.Release|Any CPU.ActiveCfg = Release|Any CPU
		{259B6672-D1EF-48C9-80B6-39919170DABA}.Release|Any CPU.Build.0 = Release|Any CPU
		{E9D9163B-9281-46C9-BFF7-CCE1BB9B0269}.Debug|Any CPU.ActiveCfg = Debug|Any CPU
		{E9D9163B-9281-46C9-BFF7-CCE1BB9B0269}.Debug|Any CPU.Build.0 = Debug|Any CPU
		{E9D9163B-9281-46C9-BFF7-CCE1BB9B0269}.Release|Any CPU.ActiveCfg = Release|Any CPU
		{E9D9163B-9281-46C9-BFF7-CCE1BB9B0269}.Release|Any CPU.Build.0 = Release|Any CPU
		{12CDC1BC-2D43-4A1E-ADD9-1E170B12C198}.Debug|Any CPU.ActiveCfg = Debug|Any CPU
		{12CDC1BC-2D43-4A1E-ADD9-1E170B12C198}.Debug|Any CPU.Build.0 = Debug|Any CPU
		{12CDC1BC-2D43-4A1E-ADD9-1E170B12C198}.Release|Any CPU.ActiveCfg = Release|Any CPU
		{12CDC1BC-2D43-4A1E-ADD9-1E170B12C198}.Release|Any CPU.Build.0 = Release|Any CPU
		{BFE95EA3-B0A1-4FDA-B926-C0BA6CB185F0}.Debug|Any CPU.ActiveCfg = Debug|Any CPU
		{BFE95EA3-B0A1-4FDA-B926-C0BA6CB185F0}.Debug|Any CPU.Build.0 = Debug|Any CPU
		{BFE95EA3-B0A1-4FDA-B926-C0BA6CB185F0}.Release|Any CPU.ActiveCfg = Release|Any CPU
		{BFE95EA3-B0A1-4FDA-B926-C0BA6CB185F0}.Release|Any CPU.Build.0 = Release|Any CPU
	EndGlobalSection
	GlobalSection(SolutionProperties) = preSolution
		HideSolutionNode = FALSE
	EndGlobalSection
	GlobalSection(ExtensibilityGlobals) = postSolution
		SolutionGuid = {6BCAFAA4-5606-4DD3-A998-B3ED72C76461}
	EndGlobalSection
EndGlobal
